
Microsoft Visual Studio Solution File, Format Version 12.00
# Visual Studio 15
VisualStudioVersion = 15.0.27428.2043
MinimumVisualStudioVersion = 10.0.40219.1
Project("{FAE04EC0-301F-11D3-BF4B-00C04F79EFBC}") = "Projeto_Forca.Android", "Projeto_Forca\Projeto_Forca.Android\Projeto_Forca.Android.csproj", "{01244BEC-E2E3-4D5D-A411-C5E2E924738D}"
EndProject
Project("{FAE04EC0-301F-11D3-BF4B-00C04F79EFBC}") = "Projeto_Forca.iOS", "Projeto_Forca\Projeto_Forca.iOS\Projeto_Forca.iOS.csproj", "{2C7D49ED-461C-4D3E-A562-92DF6988EA26}"
EndProject
Project("{FAE04EC0-301F-11D3-BF4B-00C04F79EFBC}") = "Projeto_Forca.UWP", "Projeto_Forca\Projeto_Forca.UWP\Projeto_Forca.UWP.csproj", "{3FA33C7C-9533-49BB-8C1A-2C8F20D4E53E}"
EndProject
Project("{D954291E-2A0B-460D-934E-DC6B0785DB48}") = "Projeto_Forca", "Projeto_Forca\Projeto_Forca\Projeto_Forca.shproj", "{6BBBBAB4-4ED3-4578-857B-B9385B10425A}"
EndProject
Global
	GlobalSection(SharedMSBuildProjectFiles) = preSolution
		Projeto_Forca\Projeto_Forca\Projeto_Forca.projitems*{01244bec-e2e3-4d5d-a411-c5e2e924738d}*SharedItemsImports = 4
		Projeto_Forca\Projeto_Forca\Projeto_Forca.projitems*{2c7d49ed-461c-4d3e-a562-92df6988ea26}*SharedItemsImports = 4
		Projeto_Forca\Projeto_Forca\Projeto_Forca.projitems*{3fa33c7c-9533-49bb-8c1a-2c8f20d4e53e}*SharedItemsImports = 4
		Projeto_Forca\Projeto_Forca\Projeto_Forca.projitems*{6bbbbab4-4ed3-4578-857b-b9385b10425a}*SharedItemsImports = 13
	EndGlobalSection
	GlobalSection(SolutionConfigurationPlatforms) = preSolution
		Ad-Hoc|Any CPU = Ad-Hoc|Any CPU
		Ad-Hoc|ARM = Ad-Hoc|ARM
		Ad-Hoc|iPhone = Ad-Hoc|iPhone
		Ad-Hoc|iPhoneSimulator = Ad-Hoc|iPhoneSimulator
		Ad-Hoc|x64 = Ad-Hoc|x64
		Ad-Hoc|x86 = Ad-Hoc|x86
		AppStore|Any CPU = AppStore|Any CPU
		AppStore|ARM = AppStore|ARM
		AppStore|iPhone = AppStore|iPhone
		AppStore|iPhoneSimulator = AppStore|iPhoneSimulator
		AppStore|x64 = AppStore|x64
		AppStore|x86 = AppStore|x86
		Debug|Any CPU = Debug|Any CPU
		Debug|ARM = Debug|ARM
		Debug|iPhone = Debug|iPhone
		Debug|iPhoneSimulator = Debug|iPhoneSimulator
		Debug|x64 = Debug|x64
		Debug|x86 = Debug|x86
		Release|Any CPU = Release|Any CPU
		Release|ARM = Release|ARM
		Release|iPhone = Release|iPhone
		Release|iPhoneSimulator = Release|iPhoneSimulator
		Release|x64 = Release|x64
		Release|x86 = Release|x86
	EndGlobalSection
	GlobalSection(ProjectConfigurationPlatforms) = postSolution
		{01244BEC-E2E3-4D5D-A411-C5E2E924738D}.Ad-Hoc|Any CPU.ActiveCfg = Release|Any CPU
		{01244BEC-E2E3-4D5D-A411-C5E2E924738D}.Ad-Hoc|Any CPU.Build.0 = Release|Any CPU
		{01244BEC-E2E3-4D5D-A411-C5E2E924738D}.Ad-Hoc|Any CPU.Deploy.0 = Release|Any CPU
		{01244BEC-E2E3-4D5D-A411-C5E2E924738D}.Ad-Hoc|ARM.ActiveCfg = Release|Any CPU
		{01244BEC-E2E3-4D5D-A411-C5E2E924738D}.Ad-Hoc|ARM.Build.0 = Release|Any CPU
		{01244BEC-E2E3-4D5D-A411-C5E2E924738D}.Ad-Hoc|ARM.Deploy.0 = Release|Any CPU
		{01244BEC-E2E3-4D5D-A411-C5E2E924738D}.Ad-Hoc|iPhone.ActiveCfg = Release|Any CPU
		{01244BEC-E2E3-4D5D-A411-C5E2E924738D}.Ad-Hoc|iPhone.Build.0 = Release|Any CPU
		{01244BEC-E2E3-4D5D-A411-C5E2E924738D}.Ad-Hoc|iPhone.Deploy.0 = Release|Any CPU
		{01244BEC-E2E3-4D5D-A411-C5E2E924738D}.Ad-Hoc|iPhoneSimulator.ActiveCfg = Release|Any CPU
		{01244BEC-E2E3-4D5D-A411-C5E2E924738D}.Ad-Hoc|iPhoneSimulator.Build.0 = Release|Any CPU
		{01244BEC-E2E3-4D5D-A411-C5E2E924738D}.Ad-Hoc|iPhoneSimulator.Deploy.0 = Release|Any CPU
		{01244BEC-E2E3-4D5D-A411-C5E2E924738D}.Ad-Hoc|x64.ActiveCfg = Release|Any CPU
		{01244BEC-E2E3-4D5D-A411-C5E2E924738D}.Ad-Hoc|x64.Build.0 = Release|Any CPU
		{01244BEC-E2E3-4D5D-A411-C5E2E924738D}.Ad-Hoc|x64.Deploy.0 = Release|Any CPU
		{01244BEC-E2E3-4D5D-A411-C5E2E924738D}.Ad-Hoc|x86.ActiveCfg = Release|Any CPU
		{01244BEC-E2E3-4D5D-A411-C5E2E924738D}.Ad-Hoc|x86.Build.0 = Release|Any CPU
		{01244BEC-E2E3-4D5D-A411-C5E2E924738D}.Ad-Hoc|x86.Deploy.0 = Release|Any CPU
		{01244BEC-E2E3-4D5D-A411-C5E2E924738D}.AppStore|Any CPU.ActiveCfg = Release|Any CPU
		{01244BEC-E2E3-4D5D-A411-C5E2E924738D}.AppStore|Any CPU.Build.0 = Release|Any CPU
		{01244BEC-E2E3-4D5D-A411-C5E2E924738D}.AppStore|Any CPU.Deploy.0 = Release|Any CPU
		{01244BEC-E2E3-4D5D-A411-C5E2E924738D}.AppStore|ARM.ActiveCfg = Release|Any CPU
		{01244BEC-E2E3-4D5D-A411-C5E2E924738D}.AppStore|ARM.Build.0 = Release|Any CPU
		{01244BEC-E2E3-4D5D-A411-C5E2E924738D}.AppStore|ARM.Deploy.0 = Release|Any CPU
		{01244BEC-E2E3-4D5D-A411-C5E2E924738D}.AppStore|iPhone.ActiveCfg = Release|Any CPU
		{01244BEC-E2E3-4D5D-A411-C5E2E924738D}.AppStore|iPhone.Build.0 = Release|Any CPU
		{01244BEC-E2E3-4D5D-A411-C5E2E924738D}.AppStore|iPhone.Deploy.0 = Release|Any CPU
		{01244BEC-E2E3-4D5D-A411-C5E2E924738D}.AppStore|iPhoneSimulator.ActiveCfg = Release|Any CPU
		{01244BEC-E2E3-4D5D-A411-C5E2E924738D}.AppStore|iPhoneSimulator.Build.0 = Release|Any CPU
		{01244BEC-E2E3-4D5D-A411-C5E2E924738D}.AppStore|iPhoneSimulator.Deploy.0 = Release|Any CPU
		{01244BEC-E2E3-4D5D-A411-C5E2E924738D}.AppStore|x64.ActiveCfg = Release|Any CPU
		{01244BEC-E2E3-4D5D-A411-C5E2E924738D}.AppStore|x64.Build.0 = Release|Any CPU
		{01244BEC-E2E3-4D5D-A411-C5E2E924738D}.AppStore|x64.Deploy.0 = Release|Any CPU
		{01244BEC-E2E3-4D5D-A411-C5E2E924738D}.AppStore|x86.ActiveCfg = Release|Any CPU
		{01244BEC-E2E3-4D5D-A411-C5E2E924738D}.AppStore|x86.Build.0 = Release|Any CPU
		{01244BEC-E2E3-4D5D-A411-C5E2E924738D}.AppStore|x86.Deploy.0 = Release|Any CPU
		{01244BEC-E2E3-4D5D-A411-C5E2E924738D}.Debug|Any CPU.ActiveCfg = Debug|Any CPU
		{01244BEC-E2E3-4D5D-A411-C5E2E924738D}.Debug|Any CPU.Build.0 = Debug|Any CPU
		{01244BEC-E2E3-4D5D-A411-C5E2E924738D}.Debug|Any CPU.Deploy.0 = Debug|Any CPU
		{01244BEC-E2E3-4D5D-A411-C5E2E924738D}.Debug|ARM.ActiveCfg = Debug|Any CPU
		{01244BEC-E2E3-4D5D-A411-C5E2E924738D}.Debug|ARM.Build.0 = Debug|Any CPU
		{01244BEC-E2E3-4D5D-A411-C5E2E924738D}.Debug|ARM.Deploy.0 = Debug|Any CPU
		{01244BEC-E2E3-4D5D-A411-C5E2E924738D}.Debug|iPhone.ActiveCfg = Debug|Any CPU
		{01244BEC-E2E3-4D5D-A411-C5E2E924738D}.Debug|iPhone.Build.0 = Debug|Any CPU
		{01244BEC-E2E3-4D5D-A411-C5E2E924738D}.Debug|iPhone.Deploy.0 = Debug|Any CPU
		{01244BEC-E2E3-4D5D-A411-C5E2E924738D}.Debug|iPhoneSimulator.ActiveCfg = Debug|Any CPU
		{01244BEC-E2E3-4D5D-A411-C5E2E924738D}.Debug|iPhoneSimulator.Build.0 = Debug|Any CPU
		{01244BEC-E2E3-4D5D-A411-C5E2E924738D}.Debug|iPhoneSimulator.Deploy.0 = Debug|Any CPU
		{01244BEC-E2E3-4D5D-A411-C5E2E924738D}.Debug|x64.ActiveCfg = Debug|Any CPU
		{01244BEC-E2E3-4D5D-A411-C5E2E924738D}.Debug|x64.Build.0 = Debug|Any CPU
		{01244BEC-E2E3-4D5D-A411-C5E2E924738D}.Debug|x64.Deploy.0 = Debug|Any CPU
		{01244BEC-E2E3-4D5D-A411-C5E2E924738D}.Debug|x86.ActiveCfg = Debug|Any CPU
		{01244BEC-E2E3-4D5D-A411-C5E2E924738D}.Debug|x86.Build.0 = Debug|Any CPU
		{01244BEC-E2E3-4D5D-A411-C5E2E924738D}.Debug|x86.Deploy.0 = Debug|Any CPU
		{01244BEC-E2E3-4D5D-A411-C5E2E924738D}.Release|Any CPU.ActiveCfg = Release|Any CPU
		{01244BEC-E2E3-4D5D-A411-C5E2E924738D}.Release|Any CPU.Build.0 = Release|Any CPU
		{01244BEC-E2E3-4D5D-A411-C5E2E924738D}.Release|Any CPU.Deploy.0 = Release|Any CPU
		{01244BEC-E2E3-4D5D-A411-C5E2E924738D}.Release|ARM.ActiveCfg = Release|Any CPU
		{01244BEC-E2E3-4D5D-A411-C5E2E924738D}.Release|ARM.Build.0 = Release|Any CPU
		{01244BEC-E2E3-4D5D-A411-C5E2E924738D}.Release|ARM.Deploy.0 = Release|Any CPU
		{01244BEC-E2E3-4D5D-A411-C5E2E924738D}.Release|iPhone.ActiveCfg = Release|Any CPU
		{01244BEC-E2E3-4D5D-A411-C5E2E924738D}.Release|iPhone.Build.0 = Release|Any CPU
		{01244BEC-E2E3-4D5D-A411-C5E2E924738D}.Release|iPhone.Deploy.0 = Release|Any CPU
		{01244BEC-E2E3-4D5D-A411-C5E2E924738D}.Release|iPhoneSimulator.ActiveCfg = Release|Any CPU
		{01244BEC-E2E3-4D5D-A411-C5E2E924738D}.Release|iPhoneSimulator.Build.0 = Release|Any CPU
		{01244BEC-E2E3-4D5D-A411-C5E2E924738D}.Release|iPhoneSimulator.Deploy.0 = Release|Any CPU
		{01244BEC-E2E3-4D5D-A411-C5E2E924738D}.Release|x64.ActiveCfg = Release|Any CPU
		{01244BEC-E2E3-4D5D-A411-C5E2E924738D}.Release|x64.Build.0 = Release|Any CPU
		{01244BEC-E2E3-4D5D-A411-C5E2E924738D}.Release|x64.Deploy.0 = Release|Any CPU
		{01244BEC-E2E3-4D5D-A411-C5E2E924738D}.Release|x86.ActiveCfg = Release|Any CPU
		{01244BEC-E2E3-4D5D-A411-C5E2E924738D}.Release|x86.Build.0 = Release|Any CPU
		{01244BEC-E2E3-4D5D-A411-C5E2E924738D}.Release|x86.Deploy.0 = Release|Any CPU
		{2C7D49ED-461C-4D3E-A562-92DF6988EA26}.Ad-Hoc|Any CPU.ActiveCfg = Ad-Hoc|iPhone
		{2C7D49ED-461C-4D3E-A562-92DF6988EA26}.Ad-Hoc|ARM.ActiveCfg = Ad-Hoc|iPhone
		{2C7D49ED-461C-4D3E-A562-92DF6988EA26}.Ad-Hoc|iPhone.ActiveCfg = Ad-Hoc|iPhone
		{2C7D49ED-461C-4D3E-A562-92DF6988EA26}.Ad-Hoc|iPhone.Build.0 = Ad-Hoc|iPhone
		{2C7D49ED-461C-4D3E-A562-92DF6988EA26}.Ad-Hoc|iPhoneSimulator.ActiveCfg = Ad-Hoc|iPhoneSimulator
		{2C7D49ED-461C-4D3E-A562-92DF6988EA26}.Ad-Hoc|iPhoneSimulator.Build.0 = Ad-Hoc|iPhoneSimulator
		{2C7D49ED-461C-4D3E-A562-92DF6988EA26}.Ad-Hoc|x64.ActiveCfg = Ad-Hoc|iPhone
		{2C7D49ED-461C-4D3E-A562-92DF6988EA26}.Ad-Hoc|x86.ActiveCfg = Ad-Hoc|iPhone
		{2C7D49ED-461C-4D3E-A562-92DF6988EA26}.AppStore|Any CPU.ActiveCfg = AppStore|iPhone
		{2C7D49ED-461C-4D3E-A562-92DF6988EA26}.AppStore|ARM.ActiveCfg = AppStore|iPhone
		{2C7D49ED-461C-4D3E-A562-92DF6988EA26}.AppStore|iPhone.ActiveCfg = AppStore|iPhone
		{2C7D49ED-461C-4D3E-A562-92DF6988EA26}.AppStore|iPhone.Build.0 = AppStore|iPhone
		{2C7D49ED-461C-4D3E-A562-92DF6988EA26}.AppStore|iPhoneSimulator.ActiveCfg = AppStore|iPhoneSimulator
		{2C7D49ED-461C-4D3E-A562-92DF6988EA26}.AppStore|iPhoneSimulator.Build.0 = AppStore|iPhoneSimulator
		{2C7D49ED-461C-4D3E-A562-92DF6988EA26}.AppStore|x64.ActiveCfg = AppStore|iPhone
		{2C7D49ED-461C-4D3E-A562-92DF6988EA26}.AppStore|x86.ActiveCfg = AppStore|iPhone
		{2C7D49ED-461C-4D3E-A562-92DF6988EA26}.Debug|Any CPU.ActiveCfg = Debug|iPhone
		{2C7D49ED-461C-4D3E-A562-92DF6988EA26}.Debug|ARM.ActiveCfg = Debug|iPhone
		{2C7D49ED-461C-4D3E-A562-92DF6988EA26}.Debug|iPhone.ActiveCfg = Debug|iPhone
		{2C7D49ED-461C-4D3E-A562-92DF6988EA26}.Debug|iPhone.Build.0 = Debug|iPhone
		{2C7D49ED-461C-4D3E-A562-92DF6988EA26}.Debug|iPhoneSimulator.ActiveCfg = Debug|iPhoneSimulator
		{2C7D49ED-461C-4D3E-A562-92DF6988EA26}.Debug|iPhoneSimulator.Build.0 = Debug|iPhoneSimulator
		{2C7D49ED-461C-4D3E-A562-92DF6988EA26}.Debug|x64.ActiveCfg = Debug|iPhone
		{2C7D49ED-461C-4D3E-A562-92DF6988EA26}.Debug|x86.ActiveCfg = Debug|iPhone
		{2C7D49ED-461C-4D3E-A562-92DF6988EA26}.Release|Any CPU.ActiveCfg = Release|iPhone
		{2C7D49ED-461C-4D3E-A562-92DF6988EA26}.Release|ARM.ActiveCfg = Release|iPhone
		{2C7D49ED-461C-4D3E-A562-92DF6988EA26}.Release|iPhone.ActiveCfg = Release|iPhone
		{2C7D49ED-461C-4D3E-A562-92DF6988EA26}.Release|iPhone.Build.0 = Release|iPhone
		{2C7D49ED-461C-4D3E-A562-92DF6988EA26}.Release|iPhoneSimulator.ActiveCfg = Release|iPhoneSimulator
		{2C7D49ED-461C-4D3E-A562-92DF6988EA26}.Release|iPhoneSimulator.Build.0 = Release|iPhoneSimulator
		{2C7D49ED-461C-4D3E-A562-92DF6988EA26}.Release|x64.ActiveCfg = Release|iPhone
		{2C7D49ED-461C-4D3E-A562-92DF6988EA26}.Release|x86.ActiveCfg = Release|iPhone
		{3FA33C7C-9533-49BB-8C1A-2C8F20D4E53E}.Ad-Hoc|Any CPU.ActiveCfg = Release|x86
		{3FA33C7C-9533-49BB-8C1A-2C8F20D4E53E}.Ad-Hoc|Any CPU.Build.0 = Release|x86
		{3FA33C7C-9533-49BB-8C1A-2C8F20D4E53E}.Ad-Hoc|Any CPU.Deploy.0 = Release|x86
		{3FA33C7C-9533-49BB-8C1A-2C8F20D4E53E}.Ad-Hoc|ARM.ActiveCfg = Release|ARM
		{3FA33C7C-9533-49BB-8C1A-2C8F20D4E53E}.Ad-Hoc|ARM.Build.0 = Release|ARM
		{3FA33C7C-9533-49BB-8C1A-2C8F20D4E53E}.Ad-Hoc|ARM.Deploy.0 = Release|ARM
		{3FA33C7C-9533-49BB-8C1A-2C8F20D4E53E}.Ad-Hoc|iPhone.ActiveCfg = Release|x86
		{3FA33C7C-9533-49BB-8C1A-2C8F20D4E53E}.Ad-Hoc|iPhone.Build.0 = Release|x86
		{3FA33C7C-9533-49BB-8C1A-2C8F20D4E53E}.Ad-Hoc|iPhone.Deploy.0 = Release|x86
		{3FA33C7C-9533-49BB-8C1A-2C8F20D4E53E}.Ad-Hoc|iPhoneSimulator.ActiveCfg = Release|x86
		{3FA33C7C-9533-49BB-8C1A-2C8F20D4E53E}.Ad-Hoc|iPhoneSimulator.Build.0 = Release|x86
		{3FA33C7C-9533-49BB-8C1A-2C8F20D4E53E}.Ad-Hoc|iPhoneSimulator.Deploy.0 = Release|x86
		{3FA33C7C-9533-49BB-8C1A-2C8F20D4E53E}.Ad-Hoc|x64.ActiveCfg = Release|x64
		{3FA33C7C-9533-49BB-8C1A-2C8F20D4E53E}.Ad-Hoc|x64.Build.0 = Release|x64
		{3FA33C7C-9533-49BB-8C1A-2C8F20D4E53E}.Ad-Hoc|x64.Deploy.0 = Release|x64
		{3FA33C7C-9533-49BB-8C1A-2C8F20D4E53E}.Ad-Hoc|x86.ActiveCfg = Release|x86
		{3FA33C7C-9533-49BB-8C1A-2C8F20D4E53E}.Ad-Hoc|x86.Build.0 = Release|x86
		{3FA33C7C-9533-49BB-8C1A-2C8F20D4E53E}.Ad-Hoc|x86.Deploy.0 = Release|x86
		{3FA33C7C-9533-49BB-8C1A-2C8F20D4E53E}.AppStore|Any CPU.ActiveCfg = Release|x86
		{3FA33C7C-9533-49BB-8C1A-2C8F20D4E53E}.AppStore|Any CPU.Build.0 = Release|x86
		{3FA33C7C-9533-49BB-8C1A-2C8F20D4E53E}.AppStore|Any CPU.Deploy.0 = Release|x86
		{3FA33C7C-9533-49BB-8C1A-2C8F20D4E53E}.AppStore|ARM.ActiveCfg = Release|ARM
		{3FA33C7C-9533-49BB-8C1A-2C8F20D4E53E}.AppStore|ARM.Build.0 = Release|ARM
		{3FA33C7C-9533-49BB-8C1A-2C8F20D4E53E}.AppStore|ARM.Deploy.0 = Release|ARM
		{3FA33C7C-9533-49BB-8C1A-2C8F20D4E53E}.AppStore|iPhone.ActiveCfg = Release|x86
		{3FA33C7C-9533-49BB-8C1A-2C8F20D4E53E}.AppStore|iPhone.Build.0 = Release|x86
		{3FA33C7C-9533-49BB-8C1A-2C8F20D4E53E}.AppStore|iPhone.Deploy.0 = Release|x86
		{3FA33C7C-9533-49BB-8C1A-2C8F20D4E53E}.AppStore|iPhoneSimulator.ActiveCfg = Release|x86
		{3FA33C7C-9533-49BB-8C1A-2C8F20D4E53E}.AppStore|iPhoneSimulator.Build.0 = Release|x86
		{3FA33C7C-9533-49BB-8C1A-2C8F20D4E53E}.AppStore|iPhoneSimulator.Deploy.0 = Release|x86
		{3FA33C7C-9533-49BB-8C1A-2C8F20D4E53E}.AppStore|x64.ActiveCfg = Release|x64
		{3FA33C7C-9533-49BB-8C1A-2C8F20D4E53E}.AppStore|x64.Build.0 = Release|x64
		{3FA33C7C-9533-49BB-8C1A-2C8F20D4E53E}.AppStore|x64.Deploy.0 = Release|x64
		{3FA33C7C-9533-49BB-8C1A-2C8F20D4E53E}.AppStore|x86.ActiveCfg = Release|x86
		{3FA33C7C-9533-49BB-8C1A-2C8F20D4E53E}.AppStore|x86.Build.0 = Release|x86
		{3FA33C7C-9533-49BB-8C1A-2C8F20D4E53E}.AppStore|x86.Deploy.0 = Release|x86
		{3FA33C7C-9533-49BB-8C1A-2C8F20D4E53E}.Debug|Any CPU.ActiveCfg = Debug|x86
		{3FA33C7C-9533-49BB-8C1A-2C8F20D4E53E}.Debug|ARM.ActiveCfg = Debug|ARM
		{3FA33C7C-9533-49BB-8C1A-2C8F20D4E53E}.Debug|ARM.Build.0 = Debug|ARM
		{3FA33C7C-9533-49BB-8C1A-2C8F20D4E53E}.Debug|ARM.Deploy.0 = Debug|ARM
		{3FA33C7C-9533-49BB-8C1A-2C8F20D4E53E}.Debug|iPhone.ActiveCfg = Debug|x86
		{3FA33C7C-9533-49BB-8C1A-2C8F20D4E53E}.Debug|iPhoneSimulator.ActiveCfg = Debug|x86
		{3FA33C7C-9533-49BB-8C1A-2C8F20D4E53E}.Debug|x64.ActiveCfg = Debug|x64
		{3FA33C7C-9533-49BB-8C1A-2C8F20D4E53E}.Debug|x64.Build.0 = Debug|x64
		{3FA33C7C-9533-49BB-8C1A-2C8F20D4E53E}.Debug|x64.Deploy.0 = Debug|x64
		{3FA33C7C-9533-49BB-8C1A-2C8F20D4E53E}.Debug|x86.ActiveCfg = Debug|x86
		{3FA33C7C-9533-49BB-8C1A-2C8F20D4E53E}.Debug|x86.Build.0 = Debug|x86
		{3FA33C7C-9533-49BB-8C1A-2C8F20D4E53E}.Debug|x86.Deploy.0 = Debug|x86
		{3FA33C7C-9533-49BB-8C1A-2C8F20D4E53E}.Release|Any CPU.ActiveCfg = Release|x86
		{3FA33C7C-9533-49BB-8C1A-2C8F20D4E53E}.Release|ARM.ActiveCfg = Release|ARM
		{3FA33C7C-9533-49BB-8C1A-2C8F20D4E53E}.Release|ARM.Build.0 = Release|ARM
		{3FA33C7C-9533-49BB-8C1A-2C8F20D4E53E}.Release|ARM.Deploy.0 = Release|ARM
		{3FA33C7C-9533-49BB-8C1A-2C8F20D4E53E}.Release|iPhone.ActiveCfg = Release|x86
		{3FA33C7C-9533-49BB-8C1A-2C8F20D4E53E}.Release|iPhoneSimulator.ActiveCfg = Release|x86
		{3FA33C7C-9533-49BB-8C1A-2C8F20D4E53E}.Release|x64.ActiveCfg = Release|x64
		{3FA33C7C-9533-49BB-8C1A-2C8F20D4E53E}.Release|x64.Build.0 = Release|x64
		{3FA33C7C-9533-49BB-8C1A-2C8F20D4E53E}.Release|x64.Deploy.0 = Release|x64
		{3FA33C7C-9533-49BB-8C1A-2C8F20D4E53E}.Release|x86.ActiveCfg = Release|x86
		{3FA33C7C-9533-49BB-8C1A-2C8F20D4E53E}.Release|x86.Build.0 = Release|x86
		{3FA33C7C-9533-49BB-8C1A-2C8F20D4E53E}.Release|x86.Deploy.0 = Release|x86
	EndGlobalSection
	GlobalSection(SolutionProperties) = preSolution
		HideSolutionNode = FALSE
	EndGlobalSection
	GlobalSection(ExtensibilityGlobals) = postSolution
		SolutionGuid = {3F1575FC-31E6-4981-B42D-8CDEACD59D27}
	EndGlobalSection
EndGlobal
